
Microsoft Visual Studio Solution File, Format Version 12.00
# Visual Studio Version 17
VisualStudioVersion = 17.4.33205.214
MinimumVisualStudioVersion = 10.0.40219.1
Project("{9A19103F-16F7-4668-BE54-9A1E7A4F7556}") = "MinimalApiCrudExample", "MinimalApiCrudExample\MinimalApiCrudExample.csproj", "{9FFB9D51-5115-4B58-A3CF-53659E0D1606}"
EndProject
Project("{9A19103F-16F7-4668-BE54-9A1E7A4F7556}") = "CrudExampleDatabase", "CrudExampleDatabase\CrudExampleDatabase.csproj", "{D8087B73-96A1-4315-B27A-0C0C6EACF78C}"
EndProject
Global
	GlobalSection(SolutionConfigurationPlatforms) = preSolution
		Debug|Any CPU = Debug|Any CPU
		Release|Any CPU = Release|Any CPU
	EndGlobalSection
	GlobalSection(ProjectConfigurationPlatforms) = postSolution
		{9FFB9D51-5115-4B58-A3CF-53659E0D1606}.Debug|Any CPU.ActiveCfg = Debug|Any CPU
		{9FFB9D51-5115-4B58-A3CF-53659E0D1606}.Debug|Any CPU.Build.0 = Debug|Any CPU
		{9FFB9D51-5115-4B58-A3CF-53659E0D1606}.Release|Any CPU.ActiveCfg = Release|Any CPU
		{9FFB9D51-5115-4B58-A3CF-53659E0D1606}.Release|Any CPU.Build.0 = Release|Any CPU
		{D8087B73-96A1-4315-B27A-0C0C6EACF78C}.Debug|Any CPU.ActiveCfg = Debug|Any CPU
		{D8087B73-96A1-4315-B27A-0C0C6EACF78C}.Debug|Any CPU.Build.0 = Debug|Any CPU
		{D8087B73-96A1-4315-B27A-0C0C6EACF78C}.Release|Any CPU.ActiveCfg = Release|Any CPU
		{D8087B73-96A1-4315-B27A-0C0C6EACF78C}.Release|Any CPU.Build.0 = Release|Any CPU
	EndGlobalSection
	GlobalSection(SolutionProperties) = preSolution
		HideSolutionNode = FALSE
	EndGlobalSection
	GlobalSection(ExtensibilityGlobals) = postSolution
		SolutionGuid = {14F840C9-F6CA-4C3F-B8CD-A9B42D2CA8AC}
	EndGlobalSection
EndGlobal
